// !$*UTF8*$!
{
	archiveVersion = 1;
	classes = {
	};
	objectVersion = 46;
	objects = {

/* Begin PBXBuildFile section */
		726B6F921C40F6F800440C03 /* AppDelegate.swift in Sources */ = {isa = PBXBuildFile; fileRef = 726B6F911C40F6F800440C03 /* AppDelegate.swift */; };
		726B6F941C40F6F800440C03 /* ViewController.swift in Sources */ = {isa = PBXBuildFile; fileRef = 726B6F931C40F6F800440C03 /* ViewController.swift */; };
		726B6F971C40F6F800440C03 /* Main.storyboard in Resources */ = {isa = PBXBuildFile; fileRef = 726B6F951C40F6F800440C03 /* Main.storyboard */; };
		726B6F991C40F6F800440C03 /* Assets.xcassets in Resources */ = {isa = PBXBuildFile; fileRef = 726B6F981C40F6F800440C03 /* Assets.xcassets */; };
		726B6F9C1C40F6F800440C03 /* LaunchScreen.storyboard in Resources */ = {isa = PBXBuildFile; fileRef = 726B6F9A1C40F6F800440C03 /* LaunchScreen.storyboard */; };
		726B6FA71C40F6F900440C03 /* MapsTests.swift in Sources */ = {isa = PBXBuildFile; fileRef = 726B6FA61C40F6F900440C03 /* MapsTests.swift */; };
/* End PBXBuildFile section */

/* Begin PBXContainerItemProxy section */
		726B6FA31C40F6F900440C03 /* PBXContainerItemProxy */ = {
			isa = PBXContainerItemProxy;
			containerPortal = 726B6F861C40F6F800440C03 /* Project object */;
			proxyType = 1;
			remoteGlobalIDString = 726B6F8D1C40F6F800440C03;
			remoteInfo = Maps;
		};
/* End PBXContainerItemProxy section */

/* Begin PBXFileReference section */
		726B6F8E1C40F6F800440C03 /* Maps.app */ = {isa = PBXFileReference; explicitFileType = wrapper.application; includeInIndex = 0; path = Maps.app; sourceTree = BUILT_PRODUCTS_DIR; };
		726B6F911C40F6F800440C03 /* AppDelegate.swift */ = {isa = PBXFileReference; lastKnownFileType = sourcecode.swift; path = AppDelegate.swift; sourceTree = "<group>"; };
		726B6F931C40F6F800440C03 /* ViewController.swift */ = {isa = PBXFileReference; lastKnownFileType = sourcecode.swift; path = ViewController.swift; sourceTree = "<group>"; };
		726B6F961C40F6F800440C03 /* Base */ = {isa = PBXFileReference; lastKnownFileType = file.storyboard; name = Base; path = Base.lproj/Main.storyboard; sourceTree = "<group>"; };
		726B6F981C40F6F800440C03 /* Assets.xcassets */ = {isa = PBXFileReference; lastKnownFileType = folder.assetcatalog; path = Assets.xcassets; sourceTree = "<group>"; };
		726B6F9B1C40F6F800440C03 /* Base */ = {isa = PBXFileReference; lastKnownFileType = file.storyboard; name = Base; path = Base.lproj/LaunchScreen.storyboard; sourceTree = "<group>"; };
		726B6F9D1C40F6F800440C03 /* Info.plist */ = {isa = PBXFileReference; lastKnownFileType = text.plist.xml; path = Info.plist; sourceTree = "<group>"; };
		726B6FA21C40F6F900440C03 /* MapsTests.xctest */ = {isa = PBXFileReference; explicitFileType = wrapper.cfbundle; includeInIndex = 0; path = MapsTests.xctest; sourceTree = BUILT_PRODUCTS_DIR; };
		726B6FA61C40F6F900440C03 /* MapsTests.swift */ = {isa = PBXFileReference; lastKnownFileType = sourcecode.swift; path = MapsTests.swift; sourceTree = "<group>"; };
		726B6FA81C40F6F900440C03 /* Info.plist */ = {isa = PBXFileReference; lastKnownFileType = text.plist.xml; path = Info.plist; sourceTree = "<group>"; };
/* End PBXFileReference section */

/* Begin PBXFrameworksBuildPhase section */
		726B6F8B1C40F6F800440C03 /* Frameworks */ = {
			isa = PBXFrameworksBuildPhase;
			buildActionMask = 2147483647;
			files = (
			);
			runOnlyForDeploymentPostprocessing = 0;
		};
		726B6F9F1C40F6F900440C03 /* Frameworks */ = {
			isa = PBXFrameworksBuildPhase;
			buildActionMask = 2147483647;
			files = (
			);
			runOnlyForDeploymentPostprocessing = 0;
		};
/* End PBXFrameworksBuildPhase section */

/* Begin PBXGroup section */
		726B6F851C40F6F800440C03 = {
			isa = PBXGroup;
			children = (
				726B6F901C40F6F800440C03 /* Maps */,
				726B6FA51C40F6F900440C03 /* MapsTests */,
				726B6F8F1C40F6F800440C03 /* Products */,
			);
			sourceTree = "<group>";
		};
		726B6F8F1C40F6F800440C03 /* Products */ = {
			isa = PBXGroup;
			children = (
				726B6F8E1C40F6F800440C03 /* Maps.app */,
				726B6FA21C40F6F900440C03 /* MapsTests.xctest */,
			);
			name = Products;
			sourceTree = "<group>";
		};
		726B6F901C40F6F800440C03 /* Maps */ = {
			isa = PBXGroup;
			children = (
				726B6F911C40F6F800440C03 /* AppDelegate.swift */,
				726B6F931C40F6F800440C03 /* ViewController.swift */,
				726B6F951C40F6F800440C03 /* Main.storyboard */,
				726B6F981C40F6F800440C03 /* Assets.xcassets */,
				726B6F9A1C40F6F800440C03 /* LaunchScreen.storyboard */,
				726B6F9D1C40F6F800440C03 /* Info.plist */,
			);
			path = Maps;
			sourceTree = "<group>";
		};
		726B6FA51C40F6F900440C03 /* MapsTests */ = {
			isa = PBXGroup;
			children = (
				726B6FA61C40F6F900440C03 /* MapsTests.swift */,
				726B6FA81C40F6F900440C03 /* Info.plist */,
			);
			path = MapsTests;
			sourceTree = "<group>";
		};
/* End PBXGroup section */

/* Begin PBXNativeTarget section */
		726B6F8D1C40F6F800440C03 /* Maps */ = {
			isa = PBXNativeTarget;
			buildConfigurationList = 726B6FAB1C40F6F900440C03 /* Build configuration list for PBXNativeTarget "Maps" */;
			buildPhases = (
				726B6F8A1C40F6F800440C03 /* Sources */,
				726B6F8B1C40F6F800440C03 /* Frameworks */,
				726B6F8C1C40F6F800440C03 /* Resources */,
			);
			buildRules = (
			);
			dependencies = (
			);
			name = Maps;
			productName = Maps;
			productReference = 726B6F8E1C40F6F800440C03 /* Maps.app */;
			productType = "com.apple.product-type.application";
		};
		726B6FA11C40F6F900440C03 /* MapsTests */ = {
			isa = PBXNativeTarget;
			buildConfigurationList = 726B6FAE1C40F6F900440C03 /* Build configuration list for PBXNativeTarget "MapsTests" */;
			buildPhases = (
				726B6F9E1C40F6F900440C03 /* Sources */,
				726B6F9F1C40F6F900440C03 /* Frameworks */,
				726B6FA01C40F6F900440C03 /* Resources */,
			);
			buildRules = (
			);
			dependencies = (
				726B6FA41C40F6F900440C03 /* PBXTargetDependency */,
			);
			name = MapsTests;
			productName = MapsTests;
			productReference = 726B6FA21C40F6F900440C03 /* MapsTests.xctest */;
			productType = "com.apple.product-type.bundle.unit-test";
		};
/* End PBXNativeTarget section */

/* Begin PBXProject section */
		726B6F861C40F6F800440C03 /* Project object */ = {
			isa = PBXProject;
			attributes = {
				LastSwiftUpdateCheck = 0720;
				LastUpgradeCheck = 0720;
				ORGANIZATIONNAME = Beck;
				TargetAttributes = {
					726B6F8D1C40F6F800440C03 = {
						CreatedOnToolsVersion = 7.2;
					};
					726B6FA11C40F6F900440C03 = {
						CreatedOnToolsVersion = 7.2;
						TestTargetID = 726B6F8D1C40F6F800440C03;
					};
				};
			};
			buildConfigurationList = 726B6F891C40F6F800440C03 /* Build configuration list for PBXProject "Maps" */;
			compatibilityVersion = "Xcode 3.2";
			developmentRegion = English;
			hasScannedForEncodings = 0;
			knownRegions = (
				en,
				Base,
			);
			mainGroup = 726B6F851C40F6F800440C03;
			productRefGroup = 726B6F8F1C40F6F800440C03 /* Products */;
			projectDirPath = "";
			projectRoot = "";
			targets = (
				726B6F8D1C40F6F800440C03 /* Maps */,
				726B6FA11C40F6F900440C03 /* MapsTests */,
			);
		};
/* End PBXProject section */

/* Begin PBXResourcesBuildPhase section */
		726B6F8C1C40F6F800440C03 /* Resources */ = {
			isa = PBXResourcesBuildPhase;
			buildActionMask = 2147483647;
			files = (
				726B6F9C1C40F6F800440C03 /* LaunchScreen.storyboard in Resources */,
				726B6F991C40F6F800440C03 /* Assets.xcassets in Resources */,
				726B6F971C40F6F800440C03 /* Main.storyboard in Resources */,
			);
			runOnlyForDeploymentPostprocessing = 0;
		};
		726B6FA01C40F6F900440C03 /* Resources */ = {
			isa = PBXResourcesBuildPhase;
			buildActionMask = 2147483647;
			files = (
			);
			runOnlyForDeploymentPostprocessing = 0;
		};
/* End PBXResourcesBuildPhase section */

/* Begin PBXSourcesBuildPhase section */
		726B6F8A1C40F6F800440C03 /* Sources */ = {
			isa = PBXSourcesBuildPhase;
			buildActionMask = 2147483647;
			files = (
				726B6F941C40F6F800440C03 /* ViewController.swift in Sources */,
				726B6F921C40F6F800440C03 /* AppDelegate.swift in Sources */,
			);
			runOnlyForDeploymentPostprocessing = 0;
		};
		726B6F9E1C40F6F900440C03 /* Sources */ = {
			isa = PBXSourcesBuildPhase;
			buildActionMask = 2147483647;
			files = (
				726B6FA71C40F6F900440C03 /* MapsTests.swift in Sources */,
			);
			runOnlyForDeploymentPostprocessing = 0;
		};
/* End PBXSourcesBuildPhase section */

/* Begin PBXTargetDependency section */
		726B6FA41C40F6F900440C03 /* PBXTargetDependency */ = {
			isa = PBXTargetDependency;
			target = 726B6F8D1C40F6F800440C03 /* Maps */;
			targetProxy = 726B6FA31C40F6F900440C03 /* PBXContainerItemProxy */;
		};
/* End PBXTargetDependency section */

/* Begin PBXVariantGroup section */
		726B6F951C40F6F800440C03 /* Main.storyboard */ = {
			isa = PBXVariantGroup;
			children = (
				726B6F961C40F6F800440C03 /* Base */,
			);
			name = Main.storyboard;
			sourceTree = "<group>";
		};
		726B6F9A1C40F6F800440C03 /* LaunchScreen.storyboard */ = {
			isa = PBXVariantGroup;
			children = (
				726B6F9B1C40F6F800440C03 /* Base */,
			);
			name = LaunchScreen.storyboard;
			sourceTree = "<group>";
		};
/* End PBXVariantGroup section */

/* Begin XCBuildConfiguration section */
		726B6FA91C40F6F900440C03 /* Debug */ = {
			isa = XCBuildConfiguration;
			buildSettings = {
				ALWAYS_SEARCH_USER_PATHS = NO;
				CLANG_CXX_LANGUAGE_STANDARD = "gnu++0x";
				CLANG_CXX_LIBRARY = "libc++";
				CLANG_ENABLE_MODULES = YES;
				CLANG_ENABLE_OBJC_ARC = YES;
				CLANG_WARN_BOOL_CONVERSION = YES;
				CLANG_WARN_CONSTANT_CONVERSION = YES;
				CLANG_WARN_DIRECT_OBJC_ISA_USAGE = YES_ERROR;
				CLANG_WARN_EMPTY_BODY = YES;
				CLANG_WARN_ENUM_CONVERSION = YES;
				CLANG_WARN_INT_CONVERSION = YES;
				CLANG_WARN_OBJC_ROOT_CLASS = YES_ERROR;
				CLANG_WARN_UNREACHABLE_CODE = YES;
				CLANG_WARN__DUPLICATE_METHOD_MATCH = YES;
				"CODE_SIGN_IDENTITY[sdk=iphoneos*]" = "iPhone Developer";
				COPY_PHASE_STRIP = NO;
				DEBUG_INFORMATION_FORMAT = dwarf;
				ENABLE_STRICT_OBJC_MSGSEND = YES;
				ENABLE_TESTABILITY = YES;
				GCC_C_LANGUAGE_STANDARD = gnu99;
				GCC_DYNAMIC_NO_PIC = NO;
				GCC_NO_COMMON_BLOCKS = YES;
				GCC_OPTIMIZATION_LEVEL = 0;
				GCC_PREPROCESSOR_DEFINITIONS = (
					"DEBUG=1",
					"$(inherited)",
				);
				GCC_WARN_64_TO_32_BIT_CONVERSION = YES;
				GCC_WARN_ABOUT_RETURN_TYPE = YES_ERROR;
				GCC_WARN_UNDECLARED_SELECTOR = YES;
				GCC_WARN_UNINITIALIZED_AUTOS = YES_AGGRESSIVE;
				GCC_WARN_UNUSED_FUNCTION = YES;
				GCC_WARN_UNUSED_VARIABLE = YES;
				IPHONEOS_DEPLOYMENT_TARGET = 9.2;
				MTL_ENABLE_DEBUG_INFO = YES;
				ONLY_ACTIVE_ARCH = YES;
				SDKROOT = iphoneos;
				SWIFT_OPTIMIZATION_LEVEL = "-Onone";
				TARGETED_DEVICE_FAMILY = "1,2";
			};
			name = Debug;
		};
		726B6FAA1C40F6F900440C03 /* Release */ = {
			isa = XCBuildConfiguration;
			buildSettings = {
				ALWAYS_SEARCH_USER_PATHS = NO;
				CLANG_CXX_LANGUAGE_STANDARD = "gnu++0x";
				CLANG_CXX_LIBRARY = "libc++";
				CLANG_ENABLE_MODULES = YES;
				CLANG_ENABLE_OBJC_ARC = YES;
				CLANG_WARN_BOOL_CONVERSION = YES;
				CLANG_WARN_CONSTANT_CONVERSION = YES;
				CLANG_WARN_DIRECT_OBJC_ISA_USAGE = YES_ERROR;
				CLANG_WARN_EMPTY_BODY = YES;
				CLANG_WARN_ENUM_CONVERSION = YES;
				CLANG_WARN_INT_CONVERSION = YES;
				CLANG_WARN_OBJC_ROOT_CLASS = YES_ERROR;
				CLANG_WARN_UNREACHABLE_CODE = YES;
				CLANG_WARN__DUPLICATE_METHOD_MATCH = YES;
				"CODE_SIGN_IDENTITY[sdk=iphoneos*]" = "iPhone Developer";
				COPY_PHASE_STRIP = NO;
				DEBUG_INFORMATION_FORMAT = "dwarf-with-dsym";
				ENABLE_NS_ASSERTIONS = NO;
				ENABLE_STRICT_OBJC_MSGSEND = YES;
				GCC_C_LANGUAGE_STANDARD = gnu99;
				GCC_NO_COMMON_BLOCKS = YES;
				GCC_WARN_64_TO_32_BIT_CONVERSION = YES;
				GCC_WARN_ABOUT_RETURN_TYPE = YES_ERROR;
				GCC_WARN_UNDECLARED_SELECTOR = YES;
				GCC_WARN_UNINITIALIZED_AUTOS = YES_AGGRESSIVE;
				GCC_WARN_UNUSED_FUNCTION = YES;
				GCC_WARN_UNUSED_VARIABLE = YES;
				IPHONEOS_DEPLOYMENT_TARGET = 9.2;
				MTL_ENABLE_DEBUG_INFO = NO;
				SDKROOT = iphoneos;
				TARGETED_DEVICE_FAMILY = "1,2";
				VALIDATE_PRODUCT = YES;
			};
			name = Release;
		};
		726B6FAC1C40F6F900440C03 /* Debug */ = {
			isa = XCBuildConfiguration;
			buildSettings = {
				ASSETCATALOG_COMPILER_APPICON_NAME = AppIcon;
				INFOPLIST_FILE = Maps/Info.plist;
				LD_RUNPATH_SEARCH_PATHS = "$(inherited) @executable_path/Frameworks";
				PRODUCT_BUNDLE_IDENTIFIER = com.beck.Maps;
				PRODUCT_NAME = "$(TARGET_NAME)";
			};
			name = Debug;
		};
		726B6FAD1C40F6F900440C03 /* Release */ = {
			isa = XCBuildConfiguration;
			buildSettings = {
				ASSETCATALOG_COMPILER_APPICON_NAME = AppIcon;
				INFOPLIST_FILE = Maps/Info.plist;
				LD_RUNPATH_SEARCH_PATHS = "$(inherited) @executable_path/Frameworks";
				PRODUCT_BUNDLE_IDENTIFIER = com.beck.Maps;
				PRODUCT_NAME = "$(TARGET_NAME)";
			};
			name = Release;
		};
		726B6FAF1C40F6F900440C03 /* Debug */ = {
			isa = XCBuildConfiguration;
			buildSettings = {
				BUNDLE_LOADER = "$(TEST_HOST)";
				INFOPLIST_FILE = MapsTests/Info.plist;
				LD_RUNPATH_SEARCH_PATHS = "$(inherited) @executable_path/Frameworks @loader_path/Frameworks";
				PRODUCT_BUNDLE_IDENTIFIER = com.beck.MapsTests;
				PRODUCT_NAME = "$(TARGET_NAME)";
				TEST_HOST = "$(BUILT_PRODUCTS_DIR)/Maps.app/Maps";
			};
			name = Debug;
		};
		726B6FB01C40F6F900440C03 /* Release */ = {
			isa = XCBuildConfiguration;
			buildSettings = {
				BUNDLE_LOADER = "$(TEST_HOST)";
				INFOPLIST_FILE = MapsTests/Info.plist;
				LD_RUNPATH_SEARCH_PATHS = "$(inherited) @executable_path/Frameworks @loader_path/Frameworks";
				PRODUCT_BUNDLE_IDENTIFIER = com.beck.MapsTests;
				PRODUCT_NAME = "$(TARGET_NAME)";
				TEST_HOST = "$(BUILT_PRODUCTS_DIR)/Maps.app/Maps";
			};
			name = Release;
		};
/* End XCBuildConfiguration section */

/* Begin XCConfigurationList section */
		726B6F891C40F6F800440C03 /* Build configuration list for PBXProject "Maps" */ = {
			isa = XCConfigurationList;
			buildConfigurations = (
				726B6FA91C40F6F900440C03 /* Debug */,
				726B6FAA1C40F6F900440C03 /* Release */,
			);
			defaultConfigurationIsVisible = 0;
			defaultConfigurationName = Release;
		};
		726B6FAB1C40F6F900440C03 /* Build configuration list for PBXNativeTarget "Maps" */ = {
			isa = XCConfigurationList;
			buildConfigurations = (
				726B6FAC1C40F6F900440C03 /* Debug */,
				726B6FAD1C40F6F900440C03 /* Release */,
			);
			defaultConfigurationIsVisible = 0;
		};
		726B6FAE1C40F6F900440C03 /* Build configuration list for PBXNativeTarget "MapsTests" */ = {
			isa = XCConfigurationList;
			buildConfigurations = (
				726B6FAF1C40F6F900440C03 /* Debug */,
				726B6FB01C40F6F900440C03 /* Release */,
			);
			defaultConfigurationIsVisible = 0;
		};
/* End XCConfigurationList section */
	};
	rootObject = 726B6F861C40F6F800440C03 /* Project object */;
}
